
Microsoft Visual Studio Solution File, Format Version 12.00
# Visual Studio Version 17
VisualStudioVersion = 17.5.33424.131
MinimumVisualStudioVersion = 10.0.40219.1
Project("{FAE04EC0-301F-11D3-BF4B-00C04F79EFBC}") = "Employee Details", "Employee Details.csproj", "{8DCC72C4-030F-4BC8-9EB0-BBA6D25FAA0E}"
EndProject
Global
	GlobalSection(SolutionConfigurationPlatforms) = preSolution
		Debug|Any CPU = Debug|Any CPU
		Release|Any CPU = Release|Any CPU
	EndGlobalSection
	GlobalSection(ProjectConfigurationPlatforms) = postSolution
		{8DCC72C4-030F-4BC8-9EB0-BBA6D25FAA0E}.Debug|Any CPU.ActiveCfg = Debug|Any CPU
		{8DCC72C4-030F-4BC8-9EB0-BBA6D25FAA0E}.Debug|Any CPU.Build.0 = Debug|Any CPU
		{8DCC72C4-030F-4BC8-9EB0-BBA6D25FAA0E}.Release|Any CPU.ActiveCfg = Release|Any CPU
		{8DCC72C4-030F-4BC8-9EB0-BBA6D25FAA0E}.Release|Any CPU.Build.0 = Release|Any CPU
	EndGlobalSection
	GlobalSection(SolutionProperties) = preSolution
		HideSolutionNode = FALSE
	EndGlobalSection
	GlobalSection(ExtensibilityGlobals) = postSolution
		SolutionGuid = {1888FFC1-94A7-404E-AEEF-DB7459966EA0}
	EndGlobalSection
EndGlobal
